
Microsoft Visual Studio Solution File, Format Version 12.00
# Visual Studio Version 16
VisualStudioVersion = 16.0.30907.101
MinimumVisualStudioVersion = 10.0.40219.1
Project("{FAE04EC0-301F-11D3-BF4B-00C04F79EFBC}") = "2-23", "2-23\2-23.csproj", "{C9850CFB-3BAE-49EB-BE08-C49407703301}"
EndProject
Global
	GlobalSection(SolutionConfigurationPlatforms) = preSolution
		Debug|Any CPU = Debug|Any CPU
		Release|Any CPU = Release|Any CPU
	EndGlobalSection
	GlobalSection(ProjectConfigurationPlatforms) = postSolution
		{C9850CFB-3BAE-49EB-BE08-C49407703301}.Debug|Any CPU.ActiveCfg = Debug|Any CPU
		{C9850CFB-3BAE-49EB-BE08-C49407703301}.Debug|Any CPU.Build.0 = Debug|Any CPU
		{C9850CFB-3BAE-49EB-BE08-C49407703301}.Release|Any CPU.ActiveCfg = Release|Any CPU
		{C9850CFB-3BAE-49EB-BE08-C49407703301}.Release|Any CPU.Build.0 = Release|Any CPU
	EndGlobalSection
	GlobalSection(SolutionProperties) = preSolution
		HideSolutionNode = FALSE
	EndGlobalSection
	GlobalSection(ExtensibilityGlobals) = postSolution
		SolutionGuid = {0774CF89-08F4-48B6-B489-077F5D1D8A33}
	EndGlobalSection
EndGlobal
